
Microsoft Visual Studio Solution File, Format Version 12.00
# Visual Studio 14
VisualStudioVersion = 14.0.25420.1
MinimumVisualStudioVersion = 10.0.40219.1
Project("{FAE04EC0-301F-11D3-BF4B-00C04F79EFBC}") = "Cookbook.UWP", "Cookbook.UWP\Cookbook.UWP.csproj", "{8E91A4E3-7351-4CF8-AF7D-57D8BBF3C15A}"
	ProjectSection(ProjectDependencies) = postProject
		{AD781426-997C-4F2A-BF74-C4C9D0C9692C} = {AD781426-997C-4F2A-BF74-C4C9D0C9692C}
	EndProjectSection
EndProject
Project("{FAE04EC0-301F-11D3-BF4B-00C04F79EFBC}") = "Cookbook.Service", "Cookbook.Service\Cookbook.Service.csproj", "{AD781426-997C-4F2A-BF74-C4C9D0C9692C}"
EndProject
Project("{2150E333-8FDC-42A3-9474-1A3956D46DE8}") = "Tools", "Tools", "{EF8A97BE-72FA-4D88-B478-5451D1F14FAD}"
EndProject
Project("{2150E333-8FDC-42A3-9474-1A3956D46DE8}") = "Core", "Core", "{921935DA-A940-4EBA-A1C9-5DA083D378F4}"
EndProject
Project("{FAE04EC0-301F-11D3-BF4B-00C04F79EFBC}") = "Cookbook.Rule", "Cookbook.Rule\Cookbook.Rule.csproj", "{AD796BB3-70AD-411A-8E81-2D76BE3C231D}"
EndProject
Project("{FAE04EC0-301F-11D3-BF4B-00C04F79EFBC}") = "Cookbook.Engine", "Cookbook.Engine\Cookbook.Engine.csproj", "{4F628390-C1C8-446E-B531-5DF0588D9D51}"
EndProject
Project("{FAE04EC0-301F-11D3-BF4B-00C04F79EFBC}") = "Cookbook.Entity", "Cookbook.Entity\Cookbook.Entity.csproj", "{1437AB44-1A5C-446C-BA9B-3CE941C9C87D}"
EndProject
Project("{FAE04EC0-301F-11D3-BF4B-00C04F79EFBC}") = "Tools.DAL", "Tools.DAL\Tools.DAL.csproj", "{4B895F95-3D52-499B-98AF-1F75BB8C962E}"
EndProject
Project("{FAE04EC0-301F-11D3-BF4B-00C04F79EFBC}") = "Tools.Helper", "Tools.Helper\Tools.Helper.csproj", "{7D9CC9C9-C209-4C1E-92B1-D0560D8DC326}"
EndProject
Project("{FAE04EC0-301F-11D3-BF4B-00C04F79EFBC}") = "Cookbook.DAL", "Cookbook.DAL\Cookbook.DAL.csproj", "{08B21127-F0C1-49F0-93CC-A7EC7C5FC53A}"
EndProject
Global
	GlobalSection(SolutionConfigurationPlatforms) = preSolution
		Debug|Any CPU = Debug|Any CPU
		Debug|ARM = Debug|ARM
		Debug|x64 = Debug|x64
		Debug|x86 = Debug|x86
		Release|Any CPU = Release|Any CPU
		Release|ARM = Release|ARM
		Release|x64 = Release|x64
		Release|x86 = Release|x86
	EndGlobalSection
	GlobalSection(ProjectConfigurationPlatforms) = postSolution
		{8E91A4E3-7351-4CF8-AF7D-57D8BBF3C15A}.Debug|Any CPU.ActiveCfg = Debug|x86
		{8E91A4E3-7351-4CF8-AF7D-57D8BBF3C15A}.Debug|ARM.ActiveCfg = Debug|ARM
		{8E91A4E3-7351-4CF8-AF7D-57D8BBF3C15A}.Debug|ARM.Build.0 = Debug|ARM
		{8E91A4E3-7351-4CF8-AF7D-57D8BBF3C15A}.Debug|ARM.Deploy.0 = Debug|ARM
		{8E91A4E3-7351-4CF8-AF7D-57D8BBF3C15A}.Debug|x64.ActiveCfg = Debug|x64
		{8E91A4E3-7351-4CF8-AF7D-57D8BBF3C15A}.Debug|x64.Build.0 = Debug|x64
		{8E91A4E3-7351-4CF8-AF7D-57D8BBF3C15A}.Debug|x64.Deploy.0 = Debug|x64
		{8E91A4E3-7351-4CF8-AF7D-57D8BBF3C15A}.Debug|x86.ActiveCfg = Debug|x86
		{8E91A4E3-7351-4CF8-AF7D-57D8BBF3C15A}.Debug|x86.Build.0 = Debug|x86
		{8E91A4E3-7351-4CF8-AF7D-57D8BBF3C15A}.Debug|x86.Deploy.0 = Debug|x86
		{8E91A4E3-7351-4CF8-AF7D-57D8BBF3C15A}.Release|Any CPU.ActiveCfg = Release|x86
		{8E91A4E3-7351-4CF8-AF7D-57D8BBF3C15A}.Release|ARM.ActiveCfg = Release|ARM
		{8E91A4E3-7351-4CF8-AF7D-57D8BBF3C15A}.Release|ARM.Build.0 = Release|ARM
		{8E91A4E3-7351-4CF8-AF7D-57D8BBF3C15A}.Release|ARM.Deploy.0 = Release|ARM
		{8E91A4E3-7351-4CF8-AF7D-57D8BBF3C15A}.Release|x64.ActiveCfg = Release|x64
		{8E91A4E3-7351-4CF8-AF7D-57D8BBF3C15A}.Release|x64.Build.0 = Release|x64
		{8E91A4E3-7351-4CF8-AF7D-57D8BBF3C15A}.Release|x64.Deploy.0 = Release|x64
		{8E91A4E3-7351-4CF8-AF7D-57D8BBF3C15A}.Release|x86.ActiveCfg = Release|x86
		{8E91A4E3-7351-4CF8-AF7D-57D8BBF3C15A}.Release|x86.Build.0 = Release|x86
		{8E91A4E3-7351-4CF8-AF7D-57D8BBF3C15A}.Release|x86.Deploy.0 = Release|x86
		{AD781426-997C-4F2A-BF74-C4C9D0C9692C}.Debug|Any CPU.ActiveCfg = Debug|Any CPU
		{AD781426-997C-4F2A-BF74-C4C9D0C9692C}.Debug|Any CPU.Build.0 = Debug|Any CPU
		{AD781426-997C-4F2A-BF74-C4C9D0C9692C}.Debug|ARM.ActiveCfg = Debug|Any CPU
		{AD781426-997C-4F2A-BF74-C4C9D0C9692C}.Debug|ARM.Build.0 = Debug|Any CPU
		{AD781426-997C-4F2A-BF74-C4C9D0C9692C}.Debug|x64.ActiveCfg = Debug|Any CPU
		{AD781426-997C-4F2A-BF74-C4C9D0C9692C}.Debug|x64.Build.0 = Debug|Any CPU
		{AD781426-997C-4F2A-BF74-C4C9D0C9692C}.Debug|x86.ActiveCfg = Debug|Any CPU
		{AD781426-997C-4F2A-BF74-C4C9D0C9692C}.Debug|x86.Build.0 = Debug|Any CPU
		{AD781426-997C-4F2A-BF74-C4C9D0C9692C}.Release|Any CPU.ActiveCfg = Release|Any CPU
		{AD781426-997C-4F2A-BF74-C4C9D0C9692C}.Release|Any CPU.Build.0 = Release|Any CPU
		{AD781426-997C-4F2A-BF74-C4C9D0C9692C}.Release|ARM.ActiveCfg = Release|Any CPU
		{AD781426-997C-4F2A-BF74-C4C9D0C9692C}.Release|ARM.Build.0 = Release|Any CPU
		{AD781426-997C-4F2A-BF74-C4C9D0C9692C}.Release|x64.ActiveCfg = Release|Any CPU
		{AD781426-997C-4F2A-BF74-C4C9D0C9692C}.Release|x64.Build.0 = Release|Any CPU
		{AD781426-997C-4F2A-BF74-C4C9D0C9692C}.Release|x86.ActiveCfg = Release|Any CPU
		{AD781426-997C-4F2A-BF74-C4C9D0C9692C}.Release|x86.Build.0 = Release|Any CPU
		{AD796BB3-70AD-411A-8E81-2D76BE3C231D}.Debug|Any CPU.ActiveCfg = Debug|Any CPU
		{AD796BB3-70AD-411A-8E81-2D76BE3C231D}.Debug|Any CPU.Build.0 = Debug|Any CPU
		{AD796BB3-70AD-411A-8E81-2D76BE3C231D}.Debug|ARM.ActiveCfg = Debug|Any CPU
		{AD796BB3-70AD-411A-8E81-2D76BE3C231D}.Debug|ARM.Build.0 = Debug|Any CPU
		{AD796BB3-70AD-411A-8E81-2D76BE3C231D}.Debug|x64.ActiveCfg = Debug|Any CPU
		{AD796BB3-70AD-411A-8E81-2D76BE3C231D}.Debug|x64.Build.0 = Debug|Any CPU
		{AD796BB3-70AD-411A-8E81-2D76BE3C231D}.Debug|x86.ActiveCfg = Debug|Any CPU
		{AD796BB3-70AD-411A-8E81-2D76BE3C231D}.Debug|x86.Build.0 = Debug|Any CPU
		{AD796BB3-70AD-411A-8E81-2D76BE3C231D}.Release|Any CPU.ActiveCfg = Release|Any CPU
		{AD796BB3-70AD-411A-8E81-2D76BE3C231D}.Release|Any CPU.Build.0 = Release|Any CPU
		{AD796BB3-70AD-411A-8E81-2D76BE3C231D}.Release|ARM.ActiveCfg = Release|Any CPU
		{AD796BB3-70AD-411A-8E81-2D76BE3C231D}.Release|ARM.Build.0 = Release|Any CPU
		{AD796BB3-70AD-411A-8E81-2D76BE3C231D}.Release|x64.ActiveCfg = Release|Any CPU
		{AD796BB3-70AD-411A-8E81-2D76BE3C231D}.Release|x64.Build.0 = Release|Any CPU
		{AD796BB3-70AD-411A-8E81-2D76BE3C231D}.Release|x86.ActiveCfg = Release|Any CPU
		{AD796BB3-70AD-411A-8E81-2D76BE3C231D}.Release|x86.Build.0 = Release|Any CPU
		{4F628390-C1C8-446E-B531-5DF0588D9D51}.Debug|Any CPU.ActiveCfg = Debug|Any CPU
		{4F628390-C1C8-446E-B531-5DF0588D9D51}.Debug|Any CPU.Build.0 = Debug|Any CPU
		{4F628390-C1C8-446E-B531-5DF0588D9D51}.Debug|ARM.ActiveCfg = Debug|Any CPU
		{4F628390-C1C8-446E-B531-5DF0588D9D51}.Debug|ARM.Build.0 = Debug|Any CPU
		{4F628390-C1C8-446E-B531-5DF0588D9D51}.Debug|x64.ActiveCfg = Debug|Any CPU
		{4F628390-C1C8-446E-B531-5DF0588D9D51}.Debug|x64.Build.0 = Debug|Any CPU
		{4F628390-C1C8-446E-B531-5DF0588D9D51}.Debug|x86.ActiveCfg = Debug|Any CPU
		{4F628390-C1C8-446E-B531-5DF0588D9D51}.Debug|x86.Build.0 = Debug|Any CPU
		{4F628390-C1C8-446E-B531-5DF0588D9D51}.Release|Any CPU.ActiveCfg = Release|Any CPU
		{4F628390-C1C8-446E-B531-5DF0588D9D51}.Release|Any CPU.Build.0 = Release|Any CPU
		{4F628390-C1C8-446E-B531-5DF0588D9D51}.Release|ARM.ActiveCfg = Release|Any CPU
		{4F628390-C1C8-446E-B531-5DF0588D9D51}.Release|ARM.Build.0 = Release|Any CPU
		{4F628390-C1C8-446E-B531-5DF0588D9D51}.Release|x64.ActiveCfg = Release|Any CPU
		{4F628390-C1C8-446E-B531-5DF0588D9D51}.Release|x64.Build.0 = Release|Any CPU
		{4F628390-C1C8-446E-B531-5DF0588D9D51}.Release|x86.ActiveCfg = Release|Any CPU
		{4F628390-C1C8-446E-B531-5DF0588D9D51}.Release|x86.Build.0 = Release|Any CPU
		{1437AB44-1A5C-446C-BA9B-3CE941C9C87D}.Debug|Any CPU.ActiveCfg = Debug|Any CPU
		{1437AB44-1A5C-446C-BA9B-3CE941C9C87D}.Debug|Any CPU.Build.0 = Debug|Any CPU
		{1437AB44-1A5C-446C-BA9B-3CE941C9C87D}.Debug|ARM.ActiveCfg = Debug|Any CPU
		{1437AB44-1A5C-446C-BA9B-3CE941C9C87D}.Debug|ARM.Build.0 = Debug|Any CPU
		{1437AB44-1A5C-446C-BA9B-3CE941C9C87D}.Debug|x64.ActiveCfg = Debug|Any CPU
		{1437AB44-1A5C-446C-BA9B-3CE941C9C87D}.Debug|x64.Build.0 = Debug|Any CPU
		{1437AB44-1A5C-446C-BA9B-3CE941C9C87D}.Debug|x86.ActiveCfg = Debug|Any CPU
		{1437AB44-1A5C-446C-BA9B-3CE941C9C87D}.Debug|x86.Build.0 = Debug|Any CPU
		{1437AB44-1A5C-446C-BA9B-3CE941C9C87D}.Release|Any CPU.ActiveCfg = Release|Any CPU
		{1437AB44-1A5C-446C-BA9B-3CE941C9C87D}.Release|Any CPU.Build.0 = Release|Any CPU
		{1437AB44-1A5C-446C-BA9B-3CE941C9C87D}.Release|ARM.ActiveCfg = Release|Any CPU
		{1437AB44-1A5C-446C-BA9B-3CE941C9C87D}.Release|ARM.Build.0 = Release|Any CPU
		{1437AB44-1A5C-446C-BA9B-3CE941C9C87D}.Release|x64.ActiveCfg = Release|Any CPU
		{1437AB44-1A5C-446C-BA9B-3CE941C9C87D}.Release|x64.Build.0 = Release|Any CPU
		{1437AB44-1A5C-446C-BA9B-3CE941C9C87D}.Release|x86.ActiveCfg = Release|Any CPU
		{1437AB44-1A5C-446C-BA9B-3CE941C9C87D}.Release|x86.Build.0 = Release|Any CPU
		{4B895F95-3D52-499B-98AF-1F75BB8C962E}.Debug|Any CPU.ActiveCfg = Debug|Any CPU
		{4B895F95-3D52-499B-98AF-1F75BB8C962E}.Debug|Any CPU.Build.0 = Debug|Any CPU
		{4B895F95-3D52-499B-98AF-1F75BB8C962E}.Debug|ARM.ActiveCfg = Debug|Any CPU
		{4B895F95-3D52-499B-98AF-1F75BB8C962E}.Debug|ARM.Build.0 = Debug|Any CPU
		{4B895F95-3D52-499B-98AF-1F75BB8C962E}.Debug|x64.ActiveCfg = Debug|Any CPU
		{4B895F95-3D52-499B-98AF-1F75BB8C962E}.Debug|x64.Build.0 = Debug|Any CPU
		{4B895F95-3D52-499B-98AF-1F75BB8C962E}.Debug|x86.ActiveCfg = Debug|Any CPU
		{4B895F95-3D52-499B-98AF-1F75BB8C962E}.Debug|x86.Build.0 = Debug|Any CPU
		{4B895F95-3D52-499B-98AF-1F75BB8C962E}.Release|Any CPU.ActiveCfg = Release|Any CPU
		{4B895F95-3D52-499B-98AF-1F75BB8C962E}.Release|Any CPU.Build.0 = Release|Any CPU
		{4B895F95-3D52-499B-98AF-1F75BB8C962E}.Release|ARM.ActiveCfg = Release|Any CPU
		{4B895F95-3D52-499B-98AF-1F75BB8C962E}.Release|ARM.Build.0 = Release|Any CPU
		{4B895F95-3D52-499B-98AF-1F75BB8C962E}.Release|x64.ActiveCfg = Release|Any CPU
		{4B895F95-3D52-499B-98AF-1F75BB8C962E}.Release|x64.Build.0 = Release|Any CPU
		{4B895F95-3D52-499B-98AF-1F75BB8C962E}.Release|x86.ActiveCfg = Release|Any CPU
		{4B895F95-3D52-499B-98AF-1F75BB8C962E}.Release|x86.Build.0 = Release|Any CPU
		{7D9CC9C9-C209-4C1E-92B1-D0560D8DC326}.Debug|Any CPU.ActiveCfg = Debug|Any CPU
		{7D9CC9C9-C209-4C1E-92B1-D0560D8DC326}.Debug|Any CPU.Build.0 = Debug|Any CPU
		{7D9CC9C9-C209-4C1E-92B1-D0560D8DC326}.Debug|ARM.ActiveCfg = Debug|Any CPU
		{7D9CC9C9-C209-4C1E-92B1-D0560D8DC326}.Debug|ARM.Build.0 = Debug|Any CPU
		{7D9CC9C9-C209-4C1E-92B1-D0560D8DC326}.Debug|x64.ActiveCfg = Debug|Any CPU
		{7D9CC9C9-C209-4C1E-92B1-D0560D8DC326}.Debug|x64.Build.0 = Debug|Any CPU
		{7D9CC9C9-C209-4C1E-92B1-D0560D8DC326}.Debug|x86.ActiveCfg = Debug|Any CPU
		{7D9CC9C9-C209-4C1E-92B1-D0560D8DC326}.Debug|x86.Build.0 = Debug|Any CPU
		{7D9CC9C9-C209-4C1E-92B1-D0560D8DC326}.Release|Any CPU.ActiveCfg = Release|Any CPU
		{7D9CC9C9-C209-4C1E-92B1-D0560D8DC326}.Release|Any CPU.Build.0 = Release|Any CPU
		{7D9CC9C9-C209-4C1E-92B1-D0560D8DC326}.Release|ARM.ActiveCfg = Release|Any CPU
		{7D9CC9C9-C209-4C1E-92B1-D0560D8DC326}.Release|ARM.Build.0 = Release|Any CPU
		{7D9CC9C9-C209-4C1E-92B1-D0560D8DC326}.Release|x64.ActiveCfg = Release|Any CPU
		{7D9CC9C9-C209-4C1E-92B1-D0560D8DC326}.Release|x64.Build.0 = Release|Any CPU
		{7D9CC9C9-C209-4C1E-92B1-D0560D8DC326}.Release|x86.ActiveCfg = Release|Any CPU
		{7D9CC9C9-C209-4C1E-92B1-D0560D8DC326}.Release|x86.Build.0 = Release|Any CPU
		{08B21127-F0C1-49F0-93CC-A7EC7C5FC53A}.Debug|Any CPU.ActiveCfg = Debug|Any CPU
		{08B21127-F0C1-49F0-93CC-A7EC7C5FC53A}.Debug|Any CPU.Build.0 = Debug|Any CPU
		{08B21127-F0C1-49F0-93CC-A7EC7C5FC53A}.Debug|ARM.ActiveCfg = Debug|Any CPU
		{08B21127-F0C1-49F0-93CC-A7EC7C5FC53A}.Debug|ARM.Build.0 = Debug|Any CPU
		{08B21127-F0C1-49F0-93CC-A7EC7C5FC53A}.Debug|x64.ActiveCfg = Debug|Any CPU
		{08B21127-F0C1-49F0-93CC-A7EC7C5FC53A}.Debug|x64.Build.0 = Debug|Any CPU
		{08B21127-F0C1-49F0-93CC-A7EC7C5FC53A}.Debug|x86.ActiveCfg = Debug|Any CPU
		{08B21127-F0C1-49F0-93CC-A7EC7C5FC53A}.Debug|x86.Build.0 = Debug|Any CPU
		{08B21127-F0C1-49F0-93CC-A7EC7C5FC53A}.Release|Any CPU.ActiveCfg = Release|Any CPU
		{08B21127-F0C1-49F0-93CC-A7EC7C5FC53A}.Release|Any CPU.Build.0 = Release|Any CPU
		{08B21127-F0C1-49F0-93CC-A7EC7C5FC53A}.Release|ARM.ActiveCfg = Release|Any CPU
		{08B21127-F0C1-49F0-93CC-A7EC7C5FC53A}.Release|ARM.Build.0 = Release|Any CPU
		{08B21127-F0C1-49F0-93CC-A7EC7C5FC53A}.Release|x64.ActiveCfg = Release|Any CPU
		{08B21127-F0C1-49F0-93CC-A7EC7C5FC53A}.Release|x64.Build.0 = Release|Any CPU
		{08B21127-F0C1-49F0-93CC-A7EC7C5FC53A}.Release|x86.ActiveCfg = Release|Any CPU
		{08B21127-F0C1-49F0-93CC-A7EC7C5FC53A}.Release|x86.Build.0 = Release|Any CPU
	EndGlobalSection
	GlobalSection(SolutionProperties) = preSolution
		HideSolutionNode = FALSE
	EndGlobalSection
	GlobalSection(NestedProjects) = preSolution
		{8E91A4E3-7351-4CF8-AF7D-57D8BBF3C15A} = {921935DA-A940-4EBA-A1C9-5DA083D378F4}
		{AD781426-997C-4F2A-BF74-C4C9D0C9692C} = {921935DA-A940-4EBA-A1C9-5DA083D378F4}
		{AD796BB3-70AD-411A-8E81-2D76BE3C231D} = {921935DA-A940-4EBA-A1C9-5DA083D378F4}
		{4F628390-C1C8-446E-B531-5DF0588D9D51} = {921935DA-A940-4EBA-A1C9-5DA083D378F4}
		{1437AB44-1A5C-446C-BA9B-3CE941C9C87D} = {921935DA-A940-4EBA-A1C9-5DA083D378F4}
		{4B895F95-3D52-499B-98AF-1F75BB8C962E} = {EF8A97BE-72FA-4D88-B478-5451D1F14FAD}
		{7D9CC9C9-C209-4C1E-92B1-D0560D8DC326} = {EF8A97BE-72FA-4D88-B478-5451D1F14FAD}
		{08B21127-F0C1-49F0-93CC-A7EC7C5FC53A} = {921935DA-A940-4EBA-A1C9-5DA083D378F4}
	EndGlobalSection
EndGlobal
