
Microsoft Visual Studio Solution File, Format Version 12.00
# Visual Studio 15
VisualStudioVersion = 15.0.26606.0
MinimumVisualStudioVersion = 10.0.40219.1
Project("{FAE04EC0-301F-11D3-BF4B-00C04F79EFBC}") = "Cookbook.UWP", "Cookbook.UWP\Cookbook.UWP.csproj", "{8E91A4E3-7351-4CF8-AF7D-57D8BBF3C15A}"
EndProject
Project("{2150E333-8FDC-42A3-9474-1A3956D46DE8}") = "Tools", "Tools", "{EF8A97BE-72FA-4D88-B478-5451D1F14FAD}"
EndProject
Project("{2150E333-8FDC-42A3-9474-1A3956D46DE8}") = "Core", "Core", "{921935DA-A940-4EBA-A1C9-5DA083D378F4}"
EndProject
Project("{FAE04EC0-301F-11D3-BF4B-00C04F79EFBC}") = "Cookbook.UI", "Cookbook.UI\Cookbook.UI.csproj", "{1D88D582-7719-4DCC-92C2-5F03EA242323}"
EndProject
Project("{9A19103F-16F7-4668-BE54-9A1E7A4F7556}") = "Tools.Service", "Tools.Service\Tools.Service.csproj", "{6CAA0A91-6270-46C5-8D5A-BB12A9580461}"
EndProject
Project("{9A19103F-16F7-4668-BE54-9A1E7A4F7556}") = "Tools.DAL", "Tools.DAL\Tools.DAL.csproj", "{DB988954-3C2F-4542-9EEB-7FE784035A13}"
EndProject
Project("{9A19103F-16F7-4668-BE54-9A1E7A4F7556}") = "Tools.Helper", "Tools.Helper\Tools.Helper.csproj", "{9877A97A-77FA-4AA5-AACD-6541A2A954D6}"
EndProject
Project("{9A19103F-16F7-4668-BE54-9A1E7A4F7556}") = "Tools.ServiceClient", "Tools.ServiceClient\Tools.ServiceClient.csproj", "{666CF6B3-1034-4A71-9F25-F59E8C835672}"
EndProject
Project("{FAE04EC0-301F-11D3-BF4B-00C04F79EFBC}") = "Tools.UI", "Tools.UI\Tools.UI.csproj", "{19CE9F2D-4CAF-453B-B764-622E142C3AB3}"
EndProject
Project("{9A19103F-16F7-4668-BE54-9A1E7A4F7556}") = "Cookbook.BLL", "Cookbook.BLL\Cookbook.BLL.csproj", "{348D5637-FC1D-4854-B8B6-1882ED1D0C65}"
EndProject
Project("{9A19103F-16F7-4668-BE54-9A1E7A4F7556}") = "Cookbook.DAL", "Cookbook.DAL\Cookbook.DAL.csproj", "{0B9E112B-4128-468F-8F2E-7367E572E2B4}"
EndProject
Project("{9A19103F-16F7-4668-BE54-9A1E7A4F7556}") = "Cookbook.Database", "Cookbook.Database\Cookbook.Database.csproj", "{BC6552C3-0A66-4927-9B26-1A3FAC5D0A8D}"
EndProject
Project("{9A19103F-16F7-4668-BE54-9A1E7A4F7556}") = "Cookbook.Engine", "Cookbook.Engine\Cookbook.Engine.csproj", "{0960BD78-DDCD-44D7-B040-25187404835F}"
EndProject
Project("{9A19103F-16F7-4668-BE54-9A1E7A4F7556}") = "Cookbook.Entity", "Cookbook.Entity\Cookbook.Entity.csproj", "{1DB6FE14-A80A-4627-BC81-A674C68BD1D1}"
EndProject
Project("{9A19103F-16F7-4668-BE54-9A1E7A4F7556}") = "Cookbook.Rule", "Cookbook.Rule\Cookbook.Rule.csproj", "{342C07DF-FF30-43C2-8AE4-CE6EFBCC5B71}"
EndProject
Project("{9A19103F-16F7-4668-BE54-9A1E7A4F7556}") = "Cookbook.RuleService", "Cookbook.RuleService\Cookbook.RuleService.csproj", "{C69E5D8C-1321-40CA-B14A-FB15B44C7277}"
EndProject
Project("{9A19103F-16F7-4668-BE54-9A1E7A4F7556}") = "Cookbook.Service", "Cookbook.Service\Cookbook.Service.csproj", "{26A50417-1238-468E-8933-4A5D11F62B0E}"
EndProject
Project("{9A19103F-16F7-4668-BE54-9A1E7A4F7556}") = "Cookbook.ServiceClient", "Cookbook.ServiceClient\Cookbook.ServiceClient.csproj", "{9E91A341-6A21-4A35-91E9-2D0DD5332D2B}"
EndProject
Project("{9A19103F-16F7-4668-BE54-9A1E7A4F7556}") = "Tools.Configuration", "Tools.Configuration\Tools.Configuration.csproj", "{DD5E5C34-367B-434F-93F5-744BEBB859B4}"
EndProject
Global
	GlobalSection(SolutionConfigurationPlatforms) = preSolution
		Debug|Any CPU = Debug|Any CPU
		Debug|ARM = Debug|ARM
		Debug|x64 = Debug|x64
		Debug|x86 = Debug|x86
		Release|Any CPU = Release|Any CPU
		Release|ARM = Release|ARM
		Release|x64 = Release|x64
		Release|x86 = Release|x86
	EndGlobalSection
	GlobalSection(ProjectConfigurationPlatforms) = postSolution
		{8E91A4E3-7351-4CF8-AF7D-57D8BBF3C15A}.Debug|Any CPU.ActiveCfg = Debug|x86
		{8E91A4E3-7351-4CF8-AF7D-57D8BBF3C15A}.Debug|ARM.ActiveCfg = Debug|ARM
		{8E91A4E3-7351-4CF8-AF7D-57D8BBF3C15A}.Debug|ARM.Build.0 = Debug|ARM
		{8E91A4E3-7351-4CF8-AF7D-57D8BBF3C15A}.Debug|ARM.Deploy.0 = Debug|ARM
		{8E91A4E3-7351-4CF8-AF7D-57D8BBF3C15A}.Debug|x64.ActiveCfg = Debug|x64
		{8E91A4E3-7351-4CF8-AF7D-57D8BBF3C15A}.Debug|x64.Build.0 = Debug|x64
		{8E91A4E3-7351-4CF8-AF7D-57D8BBF3C15A}.Debug|x64.Deploy.0 = Debug|x64
		{8E91A4E3-7351-4CF8-AF7D-57D8BBF3C15A}.Debug|x86.ActiveCfg = Debug|x86
		{8E91A4E3-7351-4CF8-AF7D-57D8BBF3C15A}.Debug|x86.Build.0 = Debug|x86
		{8E91A4E3-7351-4CF8-AF7D-57D8BBF3C15A}.Debug|x86.Deploy.0 = Debug|x86
		{8E91A4E3-7351-4CF8-AF7D-57D8BBF3C15A}.Release|Any CPU.ActiveCfg = Release|x86
		{8E91A4E3-7351-4CF8-AF7D-57D8BBF3C15A}.Release|ARM.ActiveCfg = Release|ARM
		{8E91A4E3-7351-4CF8-AF7D-57D8BBF3C15A}.Release|ARM.Build.0 = Release|ARM
		{8E91A4E3-7351-4CF8-AF7D-57D8BBF3C15A}.Release|ARM.Deploy.0 = Release|ARM
		{8E91A4E3-7351-4CF8-AF7D-57D8BBF3C15A}.Release|x64.ActiveCfg = Release|x64
		{8E91A4E3-7351-4CF8-AF7D-57D8BBF3C15A}.Release|x64.Build.0 = Release|x64
		{8E91A4E3-7351-4CF8-AF7D-57D8BBF3C15A}.Release|x64.Deploy.0 = Release|x64
		{8E91A4E3-7351-4CF8-AF7D-57D8BBF3C15A}.Release|x86.ActiveCfg = Release|x86
		{8E91A4E3-7351-4CF8-AF7D-57D8BBF3C15A}.Release|x86.Build.0 = Release|x86
		{8E91A4E3-7351-4CF8-AF7D-57D8BBF3C15A}.Release|x86.Deploy.0 = Release|x86
		{1D88D582-7719-4DCC-92C2-5F03EA242323}.Debug|Any CPU.ActiveCfg = Debug|x86
		{1D88D582-7719-4DCC-92C2-5F03EA242323}.Debug|Any CPU.Build.0 = Debug|x86
		{1D88D582-7719-4DCC-92C2-5F03EA242323}.Debug|Any CPU.Deploy.0 = Debug|x86
		{1D88D582-7719-4DCC-92C2-5F03EA242323}.Debug|ARM.ActiveCfg = Debug|ARM
		{1D88D582-7719-4DCC-92C2-5F03EA242323}.Debug|ARM.Build.0 = Debug|ARM
		{1D88D582-7719-4DCC-92C2-5F03EA242323}.Debug|ARM.Deploy.0 = Debug|ARM
		{1D88D582-7719-4DCC-92C2-5F03EA242323}.Debug|x64.ActiveCfg = Debug|x64
		{1D88D582-7719-4DCC-92C2-5F03EA242323}.Debug|x64.Build.0 = Debug|x64
		{1D88D582-7719-4DCC-92C2-5F03EA242323}.Debug|x64.Deploy.0 = Debug|x64
		{1D88D582-7719-4DCC-92C2-5F03EA242323}.Debug|x86.ActiveCfg = Debug|x86
		{1D88D582-7719-4DCC-92C2-5F03EA242323}.Debug|x86.Build.0 = Debug|x86
		{1D88D582-7719-4DCC-92C2-5F03EA242323}.Debug|x86.Deploy.0 = Debug|x86
		{1D88D582-7719-4DCC-92C2-5F03EA242323}.Release|Any CPU.ActiveCfg = Release|x86
		{1D88D582-7719-4DCC-92C2-5F03EA242323}.Release|ARM.ActiveCfg = Release|ARM
		{1D88D582-7719-4DCC-92C2-5F03EA242323}.Release|ARM.Build.0 = Release|ARM
		{1D88D582-7719-4DCC-92C2-5F03EA242323}.Release|ARM.Deploy.0 = Release|ARM
		{1D88D582-7719-4DCC-92C2-5F03EA242323}.Release|x64.ActiveCfg = Release|x64
		{1D88D582-7719-4DCC-92C2-5F03EA242323}.Release|x64.Build.0 = Release|x64
		{1D88D582-7719-4DCC-92C2-5F03EA242323}.Release|x64.Deploy.0 = Release|x64
		{1D88D582-7719-4DCC-92C2-5F03EA242323}.Release|x86.ActiveCfg = Release|x86
		{1D88D582-7719-4DCC-92C2-5F03EA242323}.Release|x86.Build.0 = Release|x86
		{1D88D582-7719-4DCC-92C2-5F03EA242323}.Release|x86.Deploy.0 = Release|x86
		{6CAA0A91-6270-46C5-8D5A-BB12A9580461}.Debug|Any CPU.ActiveCfg = Debug|Any CPU
		{6CAA0A91-6270-46C5-8D5A-BB12A9580461}.Debug|Any CPU.Build.0 = Debug|Any CPU
		{6CAA0A91-6270-46C5-8D5A-BB12A9580461}.Debug|ARM.ActiveCfg = Debug|Any CPU
		{6CAA0A91-6270-46C5-8D5A-BB12A9580461}.Debug|ARM.Build.0 = Debug|Any CPU
		{6CAA0A91-6270-46C5-8D5A-BB12A9580461}.Debug|x64.ActiveCfg = Debug|Any CPU
		{6CAA0A91-6270-46C5-8D5A-BB12A9580461}.Debug|x64.Build.0 = Debug|Any CPU
		{6CAA0A91-6270-46C5-8D5A-BB12A9580461}.Debug|x86.ActiveCfg = Debug|Any CPU
		{6CAA0A91-6270-46C5-8D5A-BB12A9580461}.Debug|x86.Build.0 = Debug|Any CPU
		{6CAA0A91-6270-46C5-8D5A-BB12A9580461}.Release|Any CPU.ActiveCfg = Release|Any CPU
		{6CAA0A91-6270-46C5-8D5A-BB12A9580461}.Release|Any CPU.Build.0 = Release|Any CPU
		{6CAA0A91-6270-46C5-8D5A-BB12A9580461}.Release|ARM.ActiveCfg = Release|Any CPU
		{6CAA0A91-6270-46C5-8D5A-BB12A9580461}.Release|ARM.Build.0 = Release|Any CPU
		{6CAA0A91-6270-46C5-8D5A-BB12A9580461}.Release|x64.ActiveCfg = Release|Any CPU
		{6CAA0A91-6270-46C5-8D5A-BB12A9580461}.Release|x64.Build.0 = Release|Any CPU
		{6CAA0A91-6270-46C5-8D5A-BB12A9580461}.Release|x86.ActiveCfg = Release|Any CPU
		{6CAA0A91-6270-46C5-8D5A-BB12A9580461}.Release|x86.Build.0 = Release|Any CPU
		{DB988954-3C2F-4542-9EEB-7FE784035A13}.Debug|Any CPU.ActiveCfg = Debug|Any CPU
		{DB988954-3C2F-4542-9EEB-7FE784035A13}.Debug|Any CPU.Build.0 = Debug|Any CPU
		{DB988954-3C2F-4542-9EEB-7FE784035A13}.Debug|ARM.ActiveCfg = Debug|Any CPU
		{DB988954-3C2F-4542-9EEB-7FE784035A13}.Debug|ARM.Build.0 = Debug|Any CPU
		{DB988954-3C2F-4542-9EEB-7FE784035A13}.Debug|x64.ActiveCfg = Debug|Any CPU
		{DB988954-3C2F-4542-9EEB-7FE784035A13}.Debug|x64.Build.0 = Debug|Any CPU
		{DB988954-3C2F-4542-9EEB-7FE784035A13}.Debug|x86.ActiveCfg = Debug|Any CPU
		{DB988954-3C2F-4542-9EEB-7FE784035A13}.Debug|x86.Build.0 = Debug|Any CPU
		{DB988954-3C2F-4542-9EEB-7FE784035A13}.Release|Any CPU.ActiveCfg = Release|Any CPU
		{DB988954-3C2F-4542-9EEB-7FE784035A13}.Release|Any CPU.Build.0 = Release|Any CPU
		{DB988954-3C2F-4542-9EEB-7FE784035A13}.Release|ARM.ActiveCfg = Release|Any CPU
		{DB988954-3C2F-4542-9EEB-7FE784035A13}.Release|ARM.Build.0 = Release|Any CPU
		{DB988954-3C2F-4542-9EEB-7FE784035A13}.Release|x64.ActiveCfg = Release|Any CPU
		{DB988954-3C2F-4542-9EEB-7FE784035A13}.Release|x64.Build.0 = Release|Any CPU
		{DB988954-3C2F-4542-9EEB-7FE784035A13}.Release|x86.ActiveCfg = Release|Any CPU
		{DB988954-3C2F-4542-9EEB-7FE784035A13}.Release|x86.Build.0 = Release|Any CPU
		{9877A97A-77FA-4AA5-AACD-6541A2A954D6}.Debug|Any CPU.ActiveCfg = Debug|Any CPU
		{9877A97A-77FA-4AA5-AACD-6541A2A954D6}.Debug|Any CPU.Build.0 = Debug|Any CPU
		{9877A97A-77FA-4AA5-AACD-6541A2A954D6}.Debug|ARM.ActiveCfg = Debug|Any CPU
		{9877A97A-77FA-4AA5-AACD-6541A2A954D6}.Debug|ARM.Build.0 = Debug|Any CPU
		{9877A97A-77FA-4AA5-AACD-6541A2A954D6}.Debug|x64.ActiveCfg = Debug|Any CPU
		{9877A97A-77FA-4AA5-AACD-6541A2A954D6}.Debug|x64.Build.0 = Debug|Any CPU
		{9877A97A-77FA-4AA5-AACD-6541A2A954D6}.Debug|x86.ActiveCfg = Debug|Any CPU
		{9877A97A-77FA-4AA5-AACD-6541A2A954D6}.Debug|x86.Build.0 = Debug|Any CPU
		{9877A97A-77FA-4AA5-AACD-6541A2A954D6}.Release|Any CPU.ActiveCfg = Release|Any CPU
		{9877A97A-77FA-4AA5-AACD-6541A2A954D6}.Release|Any CPU.Build.0 = Release|Any CPU
		{9877A97A-77FA-4AA5-AACD-6541A2A954D6}.Release|ARM.ActiveCfg = Release|Any CPU
		{9877A97A-77FA-4AA5-AACD-6541A2A954D6}.Release|ARM.Build.0 = Release|Any CPU
		{9877A97A-77FA-4AA5-AACD-6541A2A954D6}.Release|x64.ActiveCfg = Release|Any CPU
		{9877A97A-77FA-4AA5-AACD-6541A2A954D6}.Release|x64.Build.0 = Release|Any CPU
		{9877A97A-77FA-4AA5-AACD-6541A2A954D6}.Release|x86.ActiveCfg = Release|Any CPU
		{9877A97A-77FA-4AA5-AACD-6541A2A954D6}.Release|x86.Build.0 = Release|Any CPU
		{666CF6B3-1034-4A71-9F25-F59E8C835672}.Debug|Any CPU.ActiveCfg = Debug|Any CPU
		{666CF6B3-1034-4A71-9F25-F59E8C835672}.Debug|Any CPU.Build.0 = Debug|Any CPU
		{666CF6B3-1034-4A71-9F25-F59E8C835672}.Debug|ARM.ActiveCfg = Debug|Any CPU
		{666CF6B3-1034-4A71-9F25-F59E8C835672}.Debug|ARM.Build.0 = Debug|Any CPU
		{666CF6B3-1034-4A71-9F25-F59E8C835672}.Debug|x64.ActiveCfg = Debug|Any CPU
		{666CF6B3-1034-4A71-9F25-F59E8C835672}.Debug|x64.Build.0 = Debug|Any CPU
		{666CF6B3-1034-4A71-9F25-F59E8C835672}.Debug|x86.ActiveCfg = Debug|Any CPU
		{666CF6B3-1034-4A71-9F25-F59E8C835672}.Debug|x86.Build.0 = Debug|Any CPU
		{666CF6B3-1034-4A71-9F25-F59E8C835672}.Release|Any CPU.ActiveCfg = Release|Any CPU
		{666CF6B3-1034-4A71-9F25-F59E8C835672}.Release|Any CPU.Build.0 = Release|Any CPU
		{666CF6B3-1034-4A71-9F25-F59E8C835672}.Release|ARM.ActiveCfg = Release|Any CPU
		{666CF6B3-1034-4A71-9F25-F59E8C835672}.Release|ARM.Build.0 = Release|Any CPU
		{666CF6B3-1034-4A71-9F25-F59E8C835672}.Release|x64.ActiveCfg = Release|Any CPU
		{666CF6B3-1034-4A71-9F25-F59E8C835672}.Release|x64.Build.0 = Release|Any CPU
		{666CF6B3-1034-4A71-9F25-F59E8C835672}.Release|x86.ActiveCfg = Release|Any CPU
		{666CF6B3-1034-4A71-9F25-F59E8C835672}.Release|x86.Build.0 = Release|Any CPU
		{19CE9F2D-4CAF-453B-B764-622E142C3AB3}.Debug|Any CPU.ActiveCfg = Debug|Any CPU
		{19CE9F2D-4CAF-453B-B764-622E142C3AB3}.Debug|Any CPU.Build.0 = Debug|Any CPU
		{19CE9F2D-4CAF-453B-B764-622E142C3AB3}.Debug|ARM.ActiveCfg = Debug|ARM
		{19CE9F2D-4CAF-453B-B764-622E142C3AB3}.Debug|ARM.Build.0 = Debug|ARM
		{19CE9F2D-4CAF-453B-B764-622E142C3AB3}.Debug|x64.ActiveCfg = Debug|x64
		{19CE9F2D-4CAF-453B-B764-622E142C3AB3}.Debug|x64.Build.0 = Debug|x64
		{19CE9F2D-4CAF-453B-B764-622E142C3AB3}.Debug|x86.ActiveCfg = Debug|x86
		{19CE9F2D-4CAF-453B-B764-622E142C3AB3}.Debug|x86.Build.0 = Debug|x86
		{19CE9F2D-4CAF-453B-B764-622E142C3AB3}.Release|Any CPU.ActiveCfg = Release|Any CPU
		{19CE9F2D-4CAF-453B-B764-622E142C3AB3}.Release|Any CPU.Build.0 = Release|Any CPU
		{19CE9F2D-4CAF-453B-B764-622E142C3AB3}.Release|ARM.ActiveCfg = Release|ARM
		{19CE9F2D-4CAF-453B-B764-622E142C3AB3}.Release|ARM.Build.0 = Release|ARM
		{19CE9F2D-4CAF-453B-B764-622E142C3AB3}.Release|x64.ActiveCfg = Release|x64
		{19CE9F2D-4CAF-453B-B764-622E142C3AB3}.Release|x64.Build.0 = Release|x64
		{19CE9F2D-4CAF-453B-B764-622E142C3AB3}.Release|x86.ActiveCfg = Release|x86
		{19CE9F2D-4CAF-453B-B764-622E142C3AB3}.Release|x86.Build.0 = Release|x86
		{348D5637-FC1D-4854-B8B6-1882ED1D0C65}.Debug|Any CPU.ActiveCfg = Debug|Any CPU
		{348D5637-FC1D-4854-B8B6-1882ED1D0C65}.Debug|Any CPU.Build.0 = Debug|Any CPU
		{348D5637-FC1D-4854-B8B6-1882ED1D0C65}.Debug|ARM.ActiveCfg = Debug|Any CPU
		{348D5637-FC1D-4854-B8B6-1882ED1D0C65}.Debug|ARM.Build.0 = Debug|Any CPU
		{348D5637-FC1D-4854-B8B6-1882ED1D0C65}.Debug|x64.ActiveCfg = Debug|Any CPU
		{348D5637-FC1D-4854-B8B6-1882ED1D0C65}.Debug|x64.Build.0 = Debug|Any CPU
		{348D5637-FC1D-4854-B8B6-1882ED1D0C65}.Debug|x86.ActiveCfg = Debug|Any CPU
		{348D5637-FC1D-4854-B8B6-1882ED1D0C65}.Debug|x86.Build.0 = Debug|Any CPU
		{348D5637-FC1D-4854-B8B6-1882ED1D0C65}.Release|Any CPU.ActiveCfg = Release|Any CPU
		{348D5637-FC1D-4854-B8B6-1882ED1D0C65}.Release|Any CPU.Build.0 = Release|Any CPU
		{348D5637-FC1D-4854-B8B6-1882ED1D0C65}.Release|ARM.ActiveCfg = Release|Any CPU
		{348D5637-FC1D-4854-B8B6-1882ED1D0C65}.Release|ARM.Build.0 = Release|Any CPU
		{348D5637-FC1D-4854-B8B6-1882ED1D0C65}.Release|x64.ActiveCfg = Release|Any CPU
		{348D5637-FC1D-4854-B8B6-1882ED1D0C65}.Release|x64.Build.0 = Release|Any CPU
		{348D5637-FC1D-4854-B8B6-1882ED1D0C65}.Release|x86.ActiveCfg = Release|Any CPU
		{348D5637-FC1D-4854-B8B6-1882ED1D0C65}.Release|x86.Build.0 = Release|Any CPU
		{0B9E112B-4128-468F-8F2E-7367E572E2B4}.Debug|Any CPU.ActiveCfg = Debug|Any CPU
		{0B9E112B-4128-468F-8F2E-7367E572E2B4}.Debug|Any CPU.Build.0 = Debug|Any CPU
		{0B9E112B-4128-468F-8F2E-7367E572E2B4}.Debug|ARM.ActiveCfg = Debug|Any CPU
		{0B9E112B-4128-468F-8F2E-7367E572E2B4}.Debug|ARM.Build.0 = Debug|Any CPU
		{0B9E112B-4128-468F-8F2E-7367E572E2B4}.Debug|x64.ActiveCfg = Debug|Any CPU
		{0B9E112B-4128-468F-8F2E-7367E572E2B4}.Debug|x64.Build.0 = Debug|Any CPU
		{0B9E112B-4128-468F-8F2E-7367E572E2B4}.Debug|x86.ActiveCfg = Debug|Any CPU
		{0B9E112B-4128-468F-8F2E-7367E572E2B4}.Debug|x86.Build.0 = Debug|Any CPU
		{0B9E112B-4128-468F-8F2E-7367E572E2B4}.Release|Any CPU.ActiveCfg = Release|Any CPU
		{0B9E112B-4128-468F-8F2E-7367E572E2B4}.Release|Any CPU.Build.0 = Release|Any CPU
		{0B9E112B-4128-468F-8F2E-7367E572E2B4}.Release|ARM.ActiveCfg = Release|Any CPU
		{0B9E112B-4128-468F-8F2E-7367E572E2B4}.Release|ARM.Build.0 = Release|Any CPU
		{0B9E112B-4128-468F-8F2E-7367E572E2B4}.Release|x64.ActiveCfg = Release|Any CPU
		{0B9E112B-4128-468F-8F2E-7367E572E2B4}.Release|x64.Build.0 = Release|Any CPU
		{0B9E112B-4128-468F-8F2E-7367E572E2B4}.Release|x86.ActiveCfg = Release|Any CPU
		{0B9E112B-4128-468F-8F2E-7367E572E2B4}.Release|x86.Build.0 = Release|Any CPU
		{BC6552C3-0A66-4927-9B26-1A3FAC5D0A8D}.Debug|Any CPU.ActiveCfg = Debug|Any CPU
		{BC6552C3-0A66-4927-9B26-1A3FAC5D0A8D}.Debug|Any CPU.Build.0 = Debug|Any CPU
		{BC6552C3-0A66-4927-9B26-1A3FAC5D0A8D}.Debug|ARM.ActiveCfg = Debug|Any CPU
		{BC6552C3-0A66-4927-9B26-1A3FAC5D0A8D}.Debug|ARM.Build.0 = Debug|Any CPU
		{BC6552C3-0A66-4927-9B26-1A3FAC5D0A8D}.Debug|x64.ActiveCfg = Debug|Any CPU
		{BC6552C3-0A66-4927-9B26-1A3FAC5D0A8D}.Debug|x64.Build.0 = Debug|Any CPU
		{BC6552C3-0A66-4927-9B26-1A3FAC5D0A8D}.Debug|x86.ActiveCfg = Debug|Any CPU
		{BC6552C3-0A66-4927-9B26-1A3FAC5D0A8D}.Debug|x86.Build.0 = Debug|Any CPU
		{BC6552C3-0A66-4927-9B26-1A3FAC5D0A8D}.Release|Any CPU.ActiveCfg = Release|Any CPU
		{BC6552C3-0A66-4927-9B26-1A3FAC5D0A8D}.Release|Any CPU.Build.0 = Release|Any CPU
		{BC6552C3-0A66-4927-9B26-1A3FAC5D0A8D}.Release|ARM.ActiveCfg = Release|Any CPU
		{BC6552C3-0A66-4927-9B26-1A3FAC5D0A8D}.Release|ARM.Build.0 = Release|Any CPU
		{BC6552C3-0A66-4927-9B26-1A3FAC5D0A8D}.Release|x64.ActiveCfg = Release|Any CPU
		{BC6552C3-0A66-4927-9B26-1A3FAC5D0A8D}.Release|x64.Build.0 = Release|Any CPU
		{BC6552C3-0A66-4927-9B26-1A3FAC5D0A8D}.Release|x86.ActiveCfg = Release|Any CPU
		{BC6552C3-0A66-4927-9B26-1A3FAC5D0A8D}.Release|x86.Build.0 = Release|Any CPU
		{0960BD78-DDCD-44D7-B040-25187404835F}.Debug|Any CPU.ActiveCfg = Debug|Any CPU
		{0960BD78-DDCD-44D7-B040-25187404835F}.Debug|Any CPU.Build.0 = Debug|Any CPU
		{0960BD78-DDCD-44D7-B040-25187404835F}.Debug|ARM.ActiveCfg = Debug|Any CPU
		{0960BD78-DDCD-44D7-B040-25187404835F}.Debug|ARM.Build.0 = Debug|Any CPU
		{0960BD78-DDCD-44D7-B040-25187404835F}.Debug|x64.ActiveCfg = Debug|Any CPU
		{0960BD78-DDCD-44D7-B040-25187404835F}.Debug|x64.Build.0 = Debug|Any CPU
		{0960BD78-DDCD-44D7-B040-25187404835F}.Debug|x86.ActiveCfg = Debug|Any CPU
		{0960BD78-DDCD-44D7-B040-25187404835F}.Debug|x86.Build.0 = Debug|Any CPU
		{0960BD78-DDCD-44D7-B040-25187404835F}.Release|Any CPU.ActiveCfg = Release|Any CPU
		{0960BD78-DDCD-44D7-B040-25187404835F}.Release|Any CPU.Build.0 = Release|Any CPU
		{0960BD78-DDCD-44D7-B040-25187404835F}.Release|ARM.ActiveCfg = Release|Any CPU
		{0960BD78-DDCD-44D7-B040-25187404835F}.Release|ARM.Build.0 = Release|Any CPU
		{0960BD78-DDCD-44D7-B040-25187404835F}.Release|x64.ActiveCfg = Release|Any CPU
		{0960BD78-DDCD-44D7-B040-25187404835F}.Release|x64.Build.0 = Release|Any CPU
		{0960BD78-DDCD-44D7-B040-25187404835F}.Release|x86.ActiveCfg = Release|Any CPU
		{0960BD78-DDCD-44D7-B040-25187404835F}.Release|x86.Build.0 = Release|Any CPU
		{1DB6FE14-A80A-4627-BC81-A674C68BD1D1}.Debug|Any CPU.ActiveCfg = Debug|Any CPU
		{1DB6FE14-A80A-4627-BC81-A674C68BD1D1}.Debug|Any CPU.Build.0 = Debug|Any CPU
		{1DB6FE14-A80A-4627-BC81-A674C68BD1D1}.Debug|ARM.ActiveCfg = Debug|Any CPU
		{1DB6FE14-A80A-4627-BC81-A674C68BD1D1}.Debug|ARM.Build.0 = Debug|Any CPU
		{1DB6FE14-A80A-4627-BC81-A674C68BD1D1}.Debug|x64.ActiveCfg = Debug|Any CPU
		{1DB6FE14-A80A-4627-BC81-A674C68BD1D1}.Debug|x64.Build.0 = Debug|Any CPU
		{1DB6FE14-A80A-4627-BC81-A674C68BD1D1}.Debug|x86.ActiveCfg = Debug|Any CPU
		{1DB6FE14-A80A-4627-BC81-A674C68BD1D1}.Debug|x86.Build.0 = Debug|Any CPU
		{1DB6FE14-A80A-4627-BC81-A674C68BD1D1}.Release|Any CPU.ActiveCfg = Release|Any CPU
		{1DB6FE14-A80A-4627-BC81-A674C68BD1D1}.Release|Any CPU.Build.0 = Release|Any CPU
		{1DB6FE14-A80A-4627-BC81-A674C68BD1D1}.Release|ARM.ActiveCfg = Release|Any CPU
		{1DB6FE14-A80A-4627-BC81-A674C68BD1D1}.Release|ARM.Build.0 = Release|Any CPU
		{1DB6FE14-A80A-4627-BC81-A674C68BD1D1}.Release|x64.ActiveCfg = Release|Any CPU
		{1DB6FE14-A80A-4627-BC81-A674C68BD1D1}.Release|x64.Build.0 = Release|Any CPU
		{1DB6FE14-A80A-4627-BC81-A674C68BD1D1}.Release|x86.ActiveCfg = Release|Any CPU
		{1DB6FE14-A80A-4627-BC81-A674C68BD1D1}.Release|x86.Build.0 = Release|Any CPU
		{342C07DF-FF30-43C2-8AE4-CE6EFBCC5B71}.Debug|Any CPU.ActiveCfg = Debug|Any CPU
		{342C07DF-FF30-43C2-8AE4-CE6EFBCC5B71}.Debug|Any CPU.Build.0 = Debug|Any CPU
		{342C07DF-FF30-43C2-8AE4-CE6EFBCC5B71}.Debug|ARM.ActiveCfg = Debug|Any CPU
		{342C07DF-FF30-43C2-8AE4-CE6EFBCC5B71}.Debug|ARM.Build.0 = Debug|Any CPU
		{342C07DF-FF30-43C2-8AE4-CE6EFBCC5B71}.Debug|x64.ActiveCfg = Debug|Any CPU
		{342C07DF-FF30-43C2-8AE4-CE6EFBCC5B71}.Debug|x64.Build.0 = Debug|Any CPU
		{342C07DF-FF30-43C2-8AE4-CE6EFBCC5B71}.Debug|x86.ActiveCfg = Debug|Any CPU
		{342C07DF-FF30-43C2-8AE4-CE6EFBCC5B71}.Debug|x86.Build.0 = Debug|Any CPU
		{342C07DF-FF30-43C2-8AE4-CE6EFBCC5B71}.Release|Any CPU.ActiveCfg = Release|Any CPU
		{342C07DF-FF30-43C2-8AE4-CE6EFBCC5B71}.Release|Any CPU.Build.0 = Release|Any CPU
		{342C07DF-FF30-43C2-8AE4-CE6EFBCC5B71}.Release|ARM.ActiveCfg = Release|Any CPU
		{342C07DF-FF30-43C2-8AE4-CE6EFBCC5B71}.Release|ARM.Build.0 = Release|Any CPU
		{342C07DF-FF30-43C2-8AE4-CE6EFBCC5B71}.Release|x64.ActiveCfg = Release|Any CPU
		{342C07DF-FF30-43C2-8AE4-CE6EFBCC5B71}.Release|x64.Build.0 = Release|Any CPU
		{342C07DF-FF30-43C2-8AE4-CE6EFBCC5B71}.Release|x86.ActiveCfg = Release|Any CPU
		{342C07DF-FF30-43C2-8AE4-CE6EFBCC5B71}.Release|x86.Build.0 = Release|Any CPU
		{C69E5D8C-1321-40CA-B14A-FB15B44C7277}.Debug|Any CPU.ActiveCfg = Debug|Any CPU
		{C69E5D8C-1321-40CA-B14A-FB15B44C7277}.Debug|Any CPU.Build.0 = Debug|Any CPU
		{C69E5D8C-1321-40CA-B14A-FB15B44C7277}.Debug|ARM.ActiveCfg = Debug|Any CPU
		{C69E5D8C-1321-40CA-B14A-FB15B44C7277}.Debug|ARM.Build.0 = Debug|Any CPU
		{C69E5D8C-1321-40CA-B14A-FB15B44C7277}.Debug|x64.ActiveCfg = Debug|Any CPU
		{C69E5D8C-1321-40CA-B14A-FB15B44C7277}.Debug|x64.Build.0 = Debug|Any CPU
		{C69E5D8C-1321-40CA-B14A-FB15B44C7277}.Debug|x86.ActiveCfg = Debug|Any CPU
		{C69E5D8C-1321-40CA-B14A-FB15B44C7277}.Debug|x86.Build.0 = Debug|Any CPU
		{C69E5D8C-1321-40CA-B14A-FB15B44C7277}.Release|Any CPU.ActiveCfg = Release|Any CPU
		{C69E5D8C-1321-40CA-B14A-FB15B44C7277}.Release|Any CPU.Build.0 = Release|Any CPU
		{C69E5D8C-1321-40CA-B14A-FB15B44C7277}.Release|ARM.ActiveCfg = Release|Any CPU
		{C69E5D8C-1321-40CA-B14A-FB15B44C7277}.Release|ARM.Build.0 = Release|Any CPU
		{C69E5D8C-1321-40CA-B14A-FB15B44C7277}.Release|x64.ActiveCfg = Release|Any CPU
		{C69E5D8C-1321-40CA-B14A-FB15B44C7277}.Release|x64.Build.0 = Release|Any CPU
		{C69E5D8C-1321-40CA-B14A-FB15B44C7277}.Release|x86.ActiveCfg = Release|Any CPU
		{C69E5D8C-1321-40CA-B14A-FB15B44C7277}.Release|x86.Build.0 = Release|Any CPU
		{26A50417-1238-468E-8933-4A5D11F62B0E}.Debug|Any CPU.ActiveCfg = Debug|Any CPU
		{26A50417-1238-468E-8933-4A5D11F62B0E}.Debug|Any CPU.Build.0 = Debug|Any CPU
		{26A50417-1238-468E-8933-4A5D11F62B0E}.Debug|ARM.ActiveCfg = Debug|Any CPU
		{26A50417-1238-468E-8933-4A5D11F62B0E}.Debug|ARM.Build.0 = Debug|Any CPU
		{26A50417-1238-468E-8933-4A5D11F62B0E}.Debug|x64.ActiveCfg = Debug|Any CPU
		{26A50417-1238-468E-8933-4A5D11F62B0E}.Debug|x64.Build.0 = Debug|Any CPU
		{26A50417-1238-468E-8933-4A5D11F62B0E}.Debug|x86.ActiveCfg = Debug|Any CPU
		{26A50417-1238-468E-8933-4A5D11F62B0E}.Debug|x86.Build.0 = Debug|Any CPU
		{26A50417-1238-468E-8933-4A5D11F62B0E}.Release|Any CPU.ActiveCfg = Release|Any CPU
		{26A50417-1238-468E-8933-4A5D11F62B0E}.Release|Any CPU.Build.0 = Release|Any CPU
		{26A50417-1238-468E-8933-4A5D11F62B0E}.Release|ARM.ActiveCfg = Release|Any CPU
		{26A50417-1238-468E-8933-4A5D11F62B0E}.Release|ARM.Build.0 = Release|Any CPU
		{26A50417-1238-468E-8933-4A5D11F62B0E}.Release|x64.ActiveCfg = Release|Any CPU
		{26A50417-1238-468E-8933-4A5D11F62B0E}.Release|x64.Build.0 = Release|Any CPU
		{26A50417-1238-468E-8933-4A5D11F62B0E}.Release|x86.ActiveCfg = Release|Any CPU
		{26A50417-1238-468E-8933-4A5D11F62B0E}.Release|x86.Build.0 = Release|Any CPU
		{9E91A341-6A21-4A35-91E9-2D0DD5332D2B}.Debug|Any CPU.ActiveCfg = Debug|Any CPU
		{9E91A341-6A21-4A35-91E9-2D0DD5332D2B}.Debug|Any CPU.Build.0 = Debug|Any CPU
		{9E91A341-6A21-4A35-91E9-2D0DD5332D2B}.Debug|ARM.ActiveCfg = Debug|Any CPU
		{9E91A341-6A21-4A35-91E9-2D0DD5332D2B}.Debug|ARM.Build.0 = Debug|Any CPU
		{9E91A341-6A21-4A35-91E9-2D0DD5332D2B}.Debug|x64.ActiveCfg = Debug|Any CPU
		{9E91A341-6A21-4A35-91E9-2D0DD5332D2B}.Debug|x64.Build.0 = Debug|Any CPU
		{9E91A341-6A21-4A35-91E9-2D0DD5332D2B}.Debug|x86.ActiveCfg = Debug|Any CPU
		{9E91A341-6A21-4A35-91E9-2D0DD5332D2B}.Debug|x86.Build.0 = Debug|Any CPU
		{9E91A341-6A21-4A35-91E9-2D0DD5332D2B}.Release|Any CPU.ActiveCfg = Release|Any CPU
		{9E91A341-6A21-4A35-91E9-2D0DD5332D2B}.Release|Any CPU.Build.0 = Release|Any CPU
		{9E91A341-6A21-4A35-91E9-2D0DD5332D2B}.Release|ARM.ActiveCfg = Release|Any CPU
		{9E91A341-6A21-4A35-91E9-2D0DD5332D2B}.Release|ARM.Build.0 = Release|Any CPU
		{9E91A341-6A21-4A35-91E9-2D0DD5332D2B}.Release|x64.ActiveCfg = Release|Any CPU
		{9E91A341-6A21-4A35-91E9-2D0DD5332D2B}.Release|x64.Build.0 = Release|Any CPU
		{9E91A341-6A21-4A35-91E9-2D0DD5332D2B}.Release|x86.ActiveCfg = Release|Any CPU
		{9E91A341-6A21-4A35-91E9-2D0DD5332D2B}.Release|x86.Build.0 = Release|Any CPU
		{DD5E5C34-367B-434F-93F5-744BEBB859B4}.Debug|Any CPU.ActiveCfg = Debug|Any CPU
		{DD5E5C34-367B-434F-93F5-744BEBB859B4}.Debug|Any CPU.Build.0 = Debug|Any CPU
		{DD5E5C34-367B-434F-93F5-744BEBB859B4}.Debug|ARM.ActiveCfg = Debug|Any CPU
		{DD5E5C34-367B-434F-93F5-744BEBB859B4}.Debug|ARM.Build.0 = Debug|Any CPU
		{DD5E5C34-367B-434F-93F5-744BEBB859B4}.Debug|x64.ActiveCfg = Debug|Any CPU
		{DD5E5C34-367B-434F-93F5-744BEBB859B4}.Debug|x64.Build.0 = Debug|Any CPU
		{DD5E5C34-367B-434F-93F5-744BEBB859B4}.Debug|x86.ActiveCfg = Debug|Any CPU
		{DD5E5C34-367B-434F-93F5-744BEBB859B4}.Debug|x86.Build.0 = Debug|Any CPU
		{DD5E5C34-367B-434F-93F5-744BEBB859B4}.Release|Any CPU.ActiveCfg = Release|Any CPU
		{DD5E5C34-367B-434F-93F5-744BEBB859B4}.Release|Any CPU.Build.0 = Release|Any CPU
		{DD5E5C34-367B-434F-93F5-744BEBB859B4}.Release|ARM.ActiveCfg = Release|Any CPU
		{DD5E5C34-367B-434F-93F5-744BEBB859B4}.Release|ARM.Build.0 = Release|Any CPU
		{DD5E5C34-367B-434F-93F5-744BEBB859B4}.Release|x64.ActiveCfg = Release|Any CPU
		{DD5E5C34-367B-434F-93F5-744BEBB859B4}.Release|x64.Build.0 = Release|Any CPU
		{DD5E5C34-367B-434F-93F5-744BEBB859B4}.Release|x86.ActiveCfg = Release|Any CPU
		{DD5E5C34-367B-434F-93F5-744BEBB859B4}.Release|x86.Build.0 = Release|Any CPU
	EndGlobalSection
	GlobalSection(SolutionProperties) = preSolution
		HideSolutionNode = FALSE
	EndGlobalSection
	GlobalSection(NestedProjects) = preSolution
		{8E91A4E3-7351-4CF8-AF7D-57D8BBF3C15A} = {921935DA-A940-4EBA-A1C9-5DA083D378F4}
		{1D88D582-7719-4DCC-92C2-5F03EA242323} = {921935DA-A940-4EBA-A1C9-5DA083D378F4}
		{6CAA0A91-6270-46C5-8D5A-BB12A9580461} = {EF8A97BE-72FA-4D88-B478-5451D1F14FAD}
		{DB988954-3C2F-4542-9EEB-7FE784035A13} = {EF8A97BE-72FA-4D88-B478-5451D1F14FAD}
		{9877A97A-77FA-4AA5-AACD-6541A2A954D6} = {EF8A97BE-72FA-4D88-B478-5451D1F14FAD}
		{666CF6B3-1034-4A71-9F25-F59E8C835672} = {EF8A97BE-72FA-4D88-B478-5451D1F14FAD}
		{19CE9F2D-4CAF-453B-B764-622E142C3AB3} = {EF8A97BE-72FA-4D88-B478-5451D1F14FAD}
		{348D5637-FC1D-4854-B8B6-1882ED1D0C65} = {921935DA-A940-4EBA-A1C9-5DA083D378F4}
		{0B9E112B-4128-468F-8F2E-7367E572E2B4} = {921935DA-A940-4EBA-A1C9-5DA083D378F4}
		{BC6552C3-0A66-4927-9B26-1A3FAC5D0A8D} = {921935DA-A940-4EBA-A1C9-5DA083D378F4}
		{0960BD78-DDCD-44D7-B040-25187404835F} = {921935DA-A940-4EBA-A1C9-5DA083D378F4}
		{1DB6FE14-A80A-4627-BC81-A674C68BD1D1} = {921935DA-A940-4EBA-A1C9-5DA083D378F4}
		{342C07DF-FF30-43C2-8AE4-CE6EFBCC5B71} = {921935DA-A940-4EBA-A1C9-5DA083D378F4}
		{C69E5D8C-1321-40CA-B14A-FB15B44C7277} = {921935DA-A940-4EBA-A1C9-5DA083D378F4}
		{26A50417-1238-468E-8933-4A5D11F62B0E} = {921935DA-A940-4EBA-A1C9-5DA083D378F4}
		{9E91A341-6A21-4A35-91E9-2D0DD5332D2B} = {921935DA-A940-4EBA-A1C9-5DA083D378F4}
		{DD5E5C34-367B-434F-93F5-744BEBB859B4} = {EF8A97BE-72FA-4D88-B478-5451D1F14FAD}
	EndGlobalSection
EndGlobal
